
Microsoft Visual Studio Solution File, Format Version 12.00
Project("{FAE04EC0-301F-11D3-BF4B-00C04F79EFBC}") = "EventGenerator", "src\EventGenerator\EventGenerator.csproj", "{735F2918-E803-44FD-A1B6-2DDC98131A8C}"
EndProject
Project("{FAE04EC0-301F-11D3-BF4B-00C04F79EFBC}") = "EventReceiverWebApp", "src\EventReceiverWebApp\EventReceiverWebApp.csproj", "{5F2F0E78-177E-4879-B0EA-D9DF69E98BA3}"
EndProject
Global
	GlobalSection(SolutionConfigurationPlatforms) = preSolution
		Debug|Any CPU = Debug|Any CPU
		Release|Any CPU = Release|Any CPU
	EndGlobalSection
	GlobalSection(ProjectConfigurationPlatforms) = postSolution
		{735F2918-E803-44FD-A1B6-2DDC98131A8C}.Debug|Any CPU.ActiveCfg = Debug|Any CPU
		{735F2918-E803-44FD-A1B6-2DDC98131A8C}.Debug|Any CPU.Build.0 = Debug|Any CPU
		{735F2918-E803-44FD-A1B6-2DDC98131A8C}.Release|Any CPU.ActiveCfg = Release|Any CPU
		{735F2918-E803-44FD-A1B6-2DDC98131A8C}.Release|Any CPU.Build.0 = Release|Any CPU
		{5F2F0E78-177E-4879-B0EA-D9DF69E98BA3}.Debug|Any CPU.ActiveCfg = Debug|Any CPU
		{5F2F0E78-177E-4879-B0EA-D9DF69E98BA3}.Debug|Any CPU.Build.0 = Debug|Any CPU
		{5F2F0E78-177E-4879-B0EA-D9DF69E98BA3}.Release|Any CPU.ActiveCfg = Release|Any CPU
		{5F2F0E78-177E-4879-B0EA-D9DF69E98BA3}.Release|Any CPU.Build.0 = Release|Any CPU
	EndGlobalSection
EndGlobal
